# This file is automatically @generated by Cargo.
# It is not intended for manual editing.
version = 3

[[package]]
name = "download_manager"
version = "0.1.0"
dependencies = [
 "libc",
 "urlparse",
]

[[package]]
name = "libc"
version = "0.2.135"
source = "registry+https://github.com/rust-lang/crates.io-index"
checksum = "68783febc7782c6c5cb401fbda4de5a9898be1762314da0bb2c10ced61f18b0c"

[[package]]
name = "urlparse"
version = "0.7.3"
source = "registry+https://github.com/rust-lang/crates.io-index"
checksum = "110352d4e9076c67839003c7788d8604e24dcded13e0b375af3efaa8cf468517"
